// !$*UTF8*$!
{
	archiveVersion = 1;
	classes = {
	};
	objectVersion = 46;
	objects = {

/* Begin PBXBuildFile section */
		86B5059719AEBAB700EDE989 /* AppDelegate.swift in Sources */ = {isa = PBXBuildFile; fileRef = 86B5059619AEBAB700EDE989 /* AppDelegate.swift */; };
		86B5059A19AEBAB700EDE989 /* Dynamics.xcdatamodeld in Sources */ = {isa = PBXBuildFile; fileRef = 86B5059819AEBAB700EDE989 /* Dynamics.xcdatamodeld */; };
		86B5059C19AEBAB700EDE989 /* ViewController.swift in Sources */ = {isa = PBXBuildFile; fileRef = 86B5059B19AEBAB700EDE989 /* ViewController.swift */; };
		86B5059F19AEBAB700EDE989 /* Main.storyboard in Resources */ = {isa = PBXBuildFile; fileRef = 86B5059D19AEBAB700EDE989 /* Main.storyboard */; };
		86B505A119AEBAB700EDE989 /* Images.xcassets in Resources */ = {isa = PBXBuildFile; fileRef = 86B505A019AEBAB700EDE989 /* Images.xcassets */; };
		86B505AD19AEBAB700EDE989 /* DynamicsTests.swift in Sources */ = {isa = PBXBuildFile; fileRef = 86B505AC19AEBAB700EDE989 /* DynamicsTests.swift */; };
/* End PBXBuildFile section */

/* Begin PBXContainerItemProxy section */
		86B505A719AEBAB700EDE989 /* PBXContainerItemProxy */ = {
			isa = PBXContainerItemProxy;
			containerPortal = 86B5058919AEBAB700EDE989 /* Project object */;
			proxyType = 1;
			remoteGlobalIDString = 86B5059019AEBAB700EDE989;
			remoteInfo = Dynamics;
		};
/* End PBXContainerItemProxy section */

/* Begin PBXFileReference section */
		86B5059119AEBAB700EDE989 /* Dynamics.app */ = {isa = PBXFileReference; explicitFileType = wrapper.application; includeInIndex = 0; path = Dynamics.app; sourceTree = BUILT_PRODUCTS_DIR; };
		86B5059519AEBAB700EDE989 /* Info.plist */ = {isa = PBXFileReference; lastKnownFileType = text.plist.xml; path = Info.plist; sourceTree = "<group>"; };
		86B5059619AEBAB700EDE989 /* AppDelegate.swift */ = {isa = PBXFileReference; lastKnownFileType = sourcecode.swift; path = AppDelegate.swift; sourceTree = "<group>"; };
		86B5059919AEBAB700EDE989 /* Dynamics.xcdatamodel */ = {isa = PBXFileReference; lastKnownFileType = wrapper.xcdatamodel; path = Dynamics.xcdatamodel; sourceTree = "<group>"; };
		86B5059B19AEBAB700EDE989 /* ViewController.swift */ = {isa = PBXFileReference; lastKnownFileType = sourcecode.swift; path = ViewController.swift; sourceTree = "<group>"; };
		86B5059E19AEBAB700EDE989 /* Base */ = {isa = PBXFileReference; lastKnownFileType = file.storyboard; name = Base; path = Base.lproj/Main.storyboard; sourceTree = "<group>"; };
		86B505A019AEBAB700EDE989 /* Images.xcassets */ = {isa = PBXFileReference; lastKnownFileType = folder.assetcatalog; path = Images.xcassets; sourceTree = "<group>"; };
		86B505A619AEBAB700EDE989 /* DynamicsTests.xctest */ = {isa = PBXFileReference; explicitFileType = wrapper.cfbundle; includeInIndex = 0; path = DynamicsTests.xctest; sourceTree = BUILT_PRODUCTS_DIR; };
		86B505AB19AEBAB700EDE989 /* Info.plist */ = {isa = PBXFileReference; lastKnownFileType = text.plist.xml; path = Info.plist; sourceTree = "<group>"; };
		86B505AC19AEBAB700EDE989 /* DynamicsTests.swift */ = {isa = PBXFileReference; lastKnownFileType = sourcecode.swift; path = DynamicsTests.swift; sourceTree = "<group>"; };
/* End PBXFileReference section */

/* Begin PBXFrameworksBuildPhase section */
		86B5058E19AEBAB700EDE989 /* Frameworks */ = {
			isa = PBXFrameworksBuildPhase;
			buildActionMask = 2147483647;
			files = (
			);
			runOnlyForDeploymentPostprocessing = 0;
		};
		86B505A319AEBAB700EDE989 /* Frameworks */ = {
			isa = PBXFrameworksBuildPhase;
			buildActionMask = 2147483647;
			files = (
			);
			runOnlyForDeploymentPostprocessing = 0;
		};
/* End PBXFrameworksBuildPhase section */

/* Begin PBXGroup section */
		86B5058819AEBAB700EDE989 = {
			isa = PBXGroup;
			children = (
				86B5059319AEBAB700EDE989 /* Dynamics */,
				86B505A919AEBAB700EDE989 /* DynamicsTests */,
				86B5059219AEBAB700EDE989 /* Products */,
			);
			sourceTree = "<group>";
		};
		86B5059219AEBAB700EDE989 /* Products */ = {
			isa = PBXGroup;
			children = (
				86B5059119AEBAB700EDE989 /* Dynamics.app */,
				86B505A619AEBAB700EDE989 /* DynamicsTests.xctest */,
			);
			name = Products;
			sourceTree = "<group>";
		};
		86B5059319AEBAB700EDE989 /* Dynamics */ = {
			isa = PBXGroup;
			children = (
				86B5059619AEBAB700EDE989 /* AppDelegate.swift */,
				86B5059B19AEBAB700EDE989 /* ViewController.swift */,
				86B5059D19AEBAB700EDE989 /* Main.storyboard */,
				86B505A019AEBAB700EDE989 /* Images.xcassets */,
				86B5059819AEBAB700EDE989 /* Dynamics.xcdatamodeld */,
				86B5059419AEBAB700EDE989 /* Supporting Files */,
			);
			path = Dynamics;
			sourceTree = "<group>";
		};
		86B5059419AEBAB700EDE989 /* Supporting Files */ = {
			isa = PBXGroup;
			children = (
				86B5059519AEBAB700EDE989 /* Info.plist */,
			);
			name = "Supporting Files";
			sourceTree = "<group>";
		};
		86B505A919AEBAB700EDE989 /* DynamicsTests */ = {
			isa = PBXGroup;
			children = (
				86B505AC19AEBAB700EDE989 /* DynamicsTests.swift */,
				86B505AA19AEBAB700EDE989 /* Supporting Files */,
			);
			path = DynamicsTests;
			sourceTree = "<group>";
		};
		86B505AA19AEBAB700EDE989 /* Supporting Files */ = {
			isa = PBXGroup;
			children = (
				86B505AB19AEBAB700EDE989 /* Info.plist */,
			);
			name = "Supporting Files";
			sourceTree = "<group>";
		};
/* End PBXGroup section */

/* Begin PBXNativeTarget section */
		86B5059019AEBAB700EDE989 /* Dynamics */ = {
			isa = PBXNativeTarget;
			buildConfigurationList = 86B505B019AEBAB700EDE989 /* Build configuration list for PBXNativeTarget "Dynamics" */;
			buildPhases = (
				86B5058D19AEBAB700EDE989 /* Sources */,
				86B5058E19AEBAB700EDE989 /* Frameworks */,
				86B5058F19AEBAB700EDE989 /* Resources */,
			);
			buildRules = (
			);
			dependencies = (
			);
			name = Dynamics;
			productName = Dynamics;
			productReference = 86B5059119AEBAB700EDE989 /* Dynamics.app */;
			productType = "com.apple.product-type.application";
		};
		86B505A519AEBAB700EDE989 /* DynamicsTests */ = {
			isa = PBXNativeTarget;
			buildConfigurationList = 86B505B319AEBAB700EDE989 /* Build configuration list for PBXNativeTarget "DynamicsTests" */;
			buildPhases = (
				86B505A219AEBAB700EDE989 /* Sources */,
				86B505A319AEBAB700EDE989 /* Frameworks */,
				86B505A419AEBAB700EDE989 /* Resources */,
			);
			buildRules = (
			);
			dependencies = (
				86B505A819AEBAB700EDE989 /* PBXTargetDependency */,
			);
			name = DynamicsTests;
			productName = DynamicsTests;
			productReference = 86B505A619AEBAB700EDE989 /* DynamicsTests.xctest */;
			productType = "com.apple.product-type.bundle.unit-test";
		};
/* End PBXNativeTarget section */

/* Begin PBXProject section */
		86B5058919AEBAB700EDE989 /* Project object */ = {
			isa = PBXProject;
			attributes = {
				LastUpgradeCheck = 0600;
				ORGANIZATIONNAME = WeddingWire;
				TargetAttributes = {
					86B5059019AEBAB700EDE989 = {
						CreatedOnToolsVersion = 6.0;
					};
					86B505A519AEBAB700EDE989 = {
						CreatedOnToolsVersion = 6.0;
						TestTargetID = 86B5059019AEBAB700EDE989;
					};
				};
			};
			buildConfigurationList = 86B5058C19AEBAB700EDE989 /* Build configuration list for PBXProject "Dynamics" */;
			compatibilityVersion = "Xcode 3.2";
			developmentRegion = English;
			hasScannedForEncodings = 0;
			knownRegions = (
				en,
				Base,
			);
			mainGroup = 86B5058819AEBAB700EDE989;
			productRefGroup = 86B5059219AEBAB700EDE989 /* Products */;
			projectDirPath = "";
			projectRoot = "";
			targets = (
				86B5059019AEBAB700EDE989 /* Dynamics */,
				86B505A519AEBAB700EDE989 /* DynamicsTests */,
			);
		};
/* End PBXProject section */

/* Begin PBXResourcesBuildPhase section */
		86B5058F19AEBAB700EDE989 /* Resources */ = {
			isa = PBXResourcesBuildPhase;
			buildActionMask = 2147483647;
			files = (
				86B5059F19AEBAB700EDE989 /* Main.storyboard in Resources */,
				86B505A119AEBAB700EDE989 /* Images.xcassets in Resources */,
			);
			runOnlyForDeploymentPostprocessing = 0;
		};
		86B505A419AEBAB700EDE989 /* Resources */ = {
			isa = PBXResourcesBuildPhase;
			buildActionMask = 2147483647;
			files = (
			);
			runOnlyForDeploymentPostprocessing = 0;
		};
/* End PBXResourcesBuildPhase section */

/* Begin PBXSourcesBuildPhase section */
		86B5058D19AEBAB700EDE989 /* Sources */ = {
			isa = PBXSourcesBuildPhase;
			buildActionMask = 2147483647;
			files = (
				86B5059C19AEBAB700EDE989 /* ViewController.swift in Sources */,
				86B5059719AEBAB700EDE989 /* AppDelegate.swift in Sources */,
				86B5059A19AEBAB700EDE989 /* Dynamics.xcdatamodeld in Sources */,
			);
			runOnlyForDeploymentPostprocessing = 0;
		};
		86B505A219AEBAB700EDE989 /* Sources */ = {
			isa = PBXSourcesBuildPhase;
			buildActionMask = 2147483647;
			files = (
				86B505AD19AEBAB700EDE989 /* DynamicsTests.swift in Sources */,
			);
			runOnlyForDeploymentPostprocessing = 0;
		};
/* End PBXSourcesBuildPhase section */

/* Begin PBXTargetDependency section */
		86B505A819AEBAB700EDE989 /* PBXTargetDependency */ = {
			isa = PBXTargetDependency;
			target = 86B5059019AEBAB700EDE989 /* Dynamics */;
			targetProxy = 86B505A719AEBAB700EDE989 /* PBXContainerItemProxy */;
		};
/* End PBXTargetDependency section */

/* Begin PBXVariantGroup section */
		86B5059D19AEBAB700EDE989 /* Main.storyboard */ = {
			isa = PBXVariantGroup;
			children = (
				86B5059E19AEBAB700EDE989 /* Base */,
			);
			name = Main.storyboard;
			sourceTree = "<group>";
		};
/* End PBXVariantGroup section */

/* Begin XCBuildConfiguration section */
		86B505AE19AEBAB700EDE989 /* Debug */ = {
			isa = XCBuildConfiguration;
			buildSettings = {
				ALWAYS_SEARCH_USER_PATHS = NO;
				CLANG_CXX_LANGUAGE_STANDARD = "gnu++0x";
				CLANG_CXX_LIBRARY = "libc++";
				CLANG_ENABLE_MODULES = YES;
				CLANG_ENABLE_OBJC_ARC = YES;
				CLANG_WARN_BOOL_CONVERSION = YES;
				CLANG_WARN_CONSTANT_CONVERSION = YES;
				CLANG_WARN_DIRECT_OBJC_ISA_USAGE = YES_ERROR;
				CLANG_WARN_EMPTY_BODY = YES;
				CLANG_WARN_ENUM_CONVERSION = YES;
				CLANG_WARN_INT_CONVERSION = YES;
				CLANG_WARN_OBJC_ROOT_CLASS = YES_ERROR;
				CLANG_WARN_UNREACHABLE_CODE = YES;
				CLANG_WARN__DUPLICATE_METHOD_MATCH = YES;
				"CODE_SIGN_IDENTITY[sdk=iphoneos*]" = "iPhone Developer";
				COPY_PHASE_STRIP = NO;
				ENABLE_STRICT_OBJC_MSGSEND = YES;
				GCC_C_LANGUAGE_STANDARD = gnu99;
				GCC_DYNAMIC_NO_PIC = NO;
				GCC_OPTIMIZATION_LEVEL = 0;
				GCC_PREPROCESSOR_DEFINITIONS = (
					"DEBUG=1",
					"$(inherited)",
				);
				GCC_SYMBOLS_PRIVATE_EXTERN = NO;
				GCC_WARN_64_TO_32_BIT_CONVERSION = YES;
				GCC_WARN_ABOUT_RETURN_TYPE = YES_ERROR;
				GCC_WARN_UNDECLARED_SELECTOR = YES;
				GCC_WARN_UNINITIALIZED_AUTOS = YES_AGGRESSIVE;
				GCC_WARN_UNUSED_FUNCTION = YES;
				GCC_WARN_UNUSED_VARIABLE = YES;
				IPHONEOS_DEPLOYMENT_TARGET = 8.0;
				MTL_ENABLE_DEBUG_INFO = YES;
				ONLY_ACTIVE_ARCH = YES;
				SDKROOT = iphoneos;
				SWIFT_OPTIMIZATION_LEVEL = "-Onone";
			};
			name = Debug;
		};
		86B505AF19AEBAB700EDE989 /* Release */ = {
			isa = XCBuildConfiguration;
			buildSettings = {
				ALWAYS_SEARCH_USER_PATHS = NO;
				CLANG_CXX_LANGUAGE_STANDARD = "gnu++0x";
				CLANG_CXX_LIBRARY = "libc++";
				CLANG_ENABLE_MODULES = YES;
				CLANG_ENABLE_OBJC_ARC = YES;
				CLANG_WARN_BOOL_CONVERSION = YES;
				CLANG_WARN_CONSTANT_CONVERSION = YES;
				CLANG_WARN_DIRECT_OBJC_ISA_USAGE = YES_ERROR;
				CLANG_WARN_EMPTY_BODY = YES;
				CLANG_WARN_ENUM_CONVERSION = YES;
				CLANG_WARN_INT_CONVERSION = YES;
				CLANG_WARN_OBJC_ROOT_CLASS = YES_ERROR;
				CLANG_WARN_UNREACHABLE_CODE = YES;
				CLANG_WARN__DUPLICATE_METHOD_MATCH = YES;
				"CODE_SIGN_IDENTITY[sdk=iphoneos*]" = "iPhone Developer";
				COPY_PHASE_STRIP = YES;
				ENABLE_NS_ASSERTIONS = NO;
				ENABLE_STRICT_OBJC_MSGSEND = YES;
				GCC_C_LANGUAGE_STANDARD = gnu99;
				GCC_WARN_64_TO_32_BIT_CONVERSION = YES;
				GCC_WARN_ABOUT_RETURN_TYPE = YES_ERROR;
				GCC_WARN_UNDECLARED_SELECTOR = YES;
				GCC_WARN_UNINITIALIZED_AUTOS = YES_AGGRESSIVE;
				GCC_WARN_UNUSED_FUNCTION = YES;
				GCC_WARN_UNUSED_VARIABLE = YES;
				IPHONEOS_DEPLOYMENT_TARGET = 8.0;
				MTL_ENABLE_DEBUG_INFO = NO;
				SDKROOT = iphoneos;
				VALIDATE_PRODUCT = YES;
			};
			name = Release;
		};
		86B505B119AEBAB700EDE989 /* Debug */ = {
			isa = XCBuildConfiguration;
			buildSettings = {
				ASSETCATALOG_COMPILER_APPICON_NAME = AppIcon;
				ASSETCATALOG_COMPILER_LAUNCHIMAGE_NAME = LaunchImage;
				INFOPLIST_FILE = Dynamics/Info.plist;
				LD_RUNPATH_SEARCH_PATHS = "$(inherited) @executable_path/Frameworks";
				PRODUCT_NAME = "$(TARGET_NAME)";
			};
			name = Debug;
		};
		86B505B219AEBAB700EDE989 /* Release */ = {
			isa = XCBuildConfiguration;
			buildSettings = {
				ASSETCATALOG_COMPILER_APPICON_NAME = AppIcon;
				ASSETCATALOG_COMPILER_LAUNCHIMAGE_NAME = LaunchImage;
				INFOPLIST_FILE = Dynamics/Info.plist;
				LD_RUNPATH_SEARCH_PATHS = "$(inherited) @executable_path/Frameworks";
				PRODUCT_NAME = "$(TARGET_NAME)";
			};
			name = Release;
		};
		86B505B419AEBAB700EDE989 /* Debug */ = {
			isa = XCBuildConfiguration;
			buildSettings = {
				BUNDLE_LOADER = "$(TEST_HOST)";
				FRAMEWORK_SEARCH_PATHS = (
					"$(SDKROOT)/Developer/Library/Frameworks",
					"$(inherited)",
				);
				GCC_PREPROCESSOR_DEFINITIONS = (
					"DEBUG=1",
					"$(inherited)",
				);
				INFOPLIST_FILE = DynamicsTests/Info.plist;
				LD_RUNPATH_SEARCH_PATHS = "$(inherited) @executable_path/Frameworks @loader_path/Frameworks";
				PRODUCT_NAME = "$(TARGET_NAME)";
				TEST_HOST = "$(BUILT_PRODUCTS_DIR)/Dynamics.app/Dynamics";
			};
			name = Debug;
		};
		86B505B519AEBAB700EDE989 /* Release */ = {
			isa = XCBuildConfiguration;
			buildSettings = {
				BUNDLE_LOADER = "$(TEST_HOST)";
				FRAMEWORK_SEARCH_PATHS = (
					"$(SDKROOT)/Developer/Library/Frameworks",
					"$(inherited)",
				);
				INFOPLIST_FILE = DynamicsTests/Info.plist;
				LD_RUNPATH_SEARCH_PATHS = "$(inherited) @executable_path/Frameworks @loader_path/Frameworks";
				PRODUCT_NAME = "$(TARGET_NAME)";
				TEST_HOST = "$(BUILT_PRODUCTS_DIR)/Dynamics.app/Dynamics";
			};
			name = Release;
		};
/* End XCBuildConfiguration section */

/* Begin XCConfigurationList section */
		86B5058C19AEBAB700EDE989 /* Build configuration list for PBXProject "Dynamics" */ = {
			isa = XCConfigurationList;
			buildConfigurations = (
				86B505AE19AEBAB700EDE989 /* Debug */,
				86B505AF19AEBAB700EDE989 /* Release */,
			);
			defaultConfigurationIsVisible = 0;
			defaultConfigurationName = Release;
		};
		86B505B019AEBAB700EDE989 /* Build configuration list for PBXNativeTarget "Dynamics" */ = {
			isa = XCConfigurationList;
			buildConfigurations = (
				86B505B119AEBAB700EDE989 /* Debug */,
				86B505B219AEBAB700EDE989 /* Release */,
			);
			defaultConfigurationIsVisible = 0;
		};
		86B505B319AEBAB700EDE989 /* Build configuration list for PBXNativeTarget "DynamicsTests" */ = {
			isa = XCConfigurationList;
			buildConfigurations = (
				86B505B419AEBAB700EDE989 /* Debug */,
				86B505B519AEBAB700EDE989 /* Release */,
			);
			defaultConfigurationIsVisible = 0;
		};
/* End XCConfigurationList section */

/* Begin XCVersionGroup section */
		86B5059819AEBAB700EDE989 /* Dynamics.xcdatamodeld */ = {
			isa = XCVersionGroup;
			children = (
				86B5059919AEBAB700EDE989 /* Dynamics.xcdatamodel */,
			);
			currentVersion = 86B5059919AEBAB700EDE989 /* Dynamics.xcdatamodel */;
			path = Dynamics.xcdatamodeld;
			sourceTree = "<group>";
			versionGroupType = wrapper.xcdatamodel;
		};
/* End XCVersionGroup section */
	};
	rootObject = 86B5058919AEBAB700EDE989 /* Project object */;
}
